{
  "name": "ast-grep-essentials",
  "version": "1.0.0",
  "lockfileVersion": 3,
  "requires": true,
  "packages": {
    "": {
      "name": "ast-grep-essentials",
      "version": "1.0.0",
      "license": "ISC",
      "devDependencies": {
        "@ast-grep/cli": "^0.20.2"
      }
    },
    "node_modules/@ast-grep/cli": {
      "version": "0.20.2",
      "resolved": "https://registry.npmjs.org/@ast-grep/cli/-/cli-0.20.2.tgz",
      "integrity": "sha512-PhDdxSiyLTyZZ4udvKrthGPNDoNp1Euqfvql66eh5m4F+/PYjMwTPz/5lwYvHZpIr2MozZ1Jqm9W2btjwE3fnw==",
      "dev": true,
      "hasInstallScript": true,
      "dependencies": {
        "detect-libc": "2.0.3"
      },
      "bin": {
        "ast-grep": "ast-grep",
        "sg": "sg"
      },
      "engines": {
        "node": ">= 12.0.0"
      },
      "optionalDependencies": {
        "@ast-grep/cli-darwin-arm64": "0.20.2",
        "@ast-grep/cli-darwin-x64": "0.20.2",
        "@ast-grep/cli-linux-arm64-gnu": "0.20.2",
        "@ast-grep/cli-linux-x64-gnu": "0.20.2",
        "@ast-grep/cli-win32-arm64-msvc": "0.20.2",
        "@ast-grep/cli-win32-ia32-msvc": "0.20.2",
        "@ast-grep/cli-win32-x64-msvc": "0.20.2"
      }
    },
    "node_modules/@ast-grep/cli-darwin-arm64": {
      "version": "0.20.2",
      "resolved": "https://registry.npmjs.org/@ast-grep/cli-darwin-arm64/-/cli-darwin-arm64-0.20.2.tgz",
      "integrity": "sha512-gBjMyd42ajDzzRjVKMg81slI7Nkp+0BWIBcCa3ZD0jqf9yQ5I+lAHKkDuC31kzcXw6XF2SSlIICRn9mEQhr21w==",
      "cpu": [
        "arm64"
      ],
      "dev": true,
      "optional": true,
      "os": [
        "darwin"
      ],
      "engines": {
        "node": ">= 10"
      }
    },
    "node_modules/@ast-grep/cli-darwin-x64": {
      "version": "0.20.2",
      "resolved": "https://registry.npmjs.org/@ast-grep/cli-darwin-x64/-/cli-darwin-x64-0.20.2.tgz",
      "integrity": "sha512-sllsHYgRceB4dt1ncnIjVCO449/fewNt8eqcygmomOkdQzRR81UIcuR/ruIZdVti1rqNhMNKhE5mf+GUITA1GQ==",
      "cpu": [
        "x64"
      ],
      "dev": true,
      "optional": true,
      "os": [
        "darwin"
      ],
      "engines": {
        "node": ">= 10"
      }
    },
    "node_modules/@ast-grep/cli-linux-arm64-gnu": {
      "version": "0.20.2",
      "resolved": "https://registry.npmjs.org/@ast-grep/cli-linux-arm64-gnu/-/cli-linux-arm64-gnu-0.20.2.tgz",
      "integrity": "sha512-7gm6ei4oiMA1u8BXbKBX6+daQhlmS1DqhliQdFmIrOJLv3oB5fBMIk3gn+0UMDthDHZIeoJn+ig2BOcfqaoyGg==",
      "cpu": [
        "arm64"
      ],
      "dev": true,
      "optional": true,
      "os": [
        "linux"
      ],
      "engines": {
        "node": ">= 10"
      }
    },
    "node_modules/@ast-grep/cli-linux-x64-gnu": {
      "version": "0.20.2",
      "resolved": "https://registry.npmjs.org/@ast-grep/cli-linux-x64-gnu/-/cli-linux-x64-gnu-0.20.2.tgz",
      "integrity": "sha512-mAd1msrGRmsk7omlqPhqEUiBjs4Q/C+xUBAIw2yX18g5Aq07zPc2KWwA2wGwaa9dBYr0gnZd1o9DiSrDeUJpEA==",
      "cpu": [
        "x64"
      ],
      "dev": true,
      "optional": true,
      "os": [
        "linux"
      ],
      "engines": {
        "node": ">= 10"
      }
    },
    "node_modules/@ast-grep/cli-win32-arm64-msvc": {
      "version": "0.20.2",
      "resolved": "https://registry.npmjs.org/@ast-grep/cli-win32-arm64-msvc/-/cli-win32-arm64-msvc-0.20.2.tgz",
      "integrity": "sha512-VJEum6wD+jfkWR7mxT9DlXovY0SZMIlgvTx/3dmQAiEbk0NiKwit6kofKW3+smHQlVxdtznDSLfKcfll+WhEmA==",
      "cpu": [
        "arm64"
      ],
      "dev": true,
      "optional": true,
      "os": [
        "win32"
      ],
      "engines": {
        "node": ">= 10"
      }
    },
    "node_modules/@ast-grep/cli-win32-ia32-msvc": {
      "version": "0.20.2",
      "resolved": "https://registry.npmjs.org/@ast-grep/cli-win32-ia32-msvc/-/cli-win32-ia32-msvc-0.20.2.tgz",
      "integrity": "sha512-d2hlxWVENNsRNN9XTiuxv6UhjbfMj8F+4D6D/Uyfyah35E3UejyNxf9K3NymoCOSdpp+YX2iiP9pW1aMQjurgw==",
      "cpu": [
        "ia32"
      ],
      "dev": true,
      "optional": true,
      "os": [
        "win32"
      ],
      "engines": {
        "node": ">= 10"
      }
    },
    "node_modules/@ast-grep/cli-win32-x64-msvc": {
      "version": "0.20.2",
      "resolved": "https://registry.npmjs.org/@ast-grep/cli-win32-x64-msvc/-/cli-win32-x64-msvc-0.20.2.tgz",
      "integrity": "sha512-j25nRYCD1qItZYPagWMqQCwHt8MyEUEFYXMJnQDbieS5OwKz98ErC3TnlRa3XRWGEk/4tIldzTGNQlAGpQKMYQ==",
      "cpu": [
        "x64"
      ],
      "dev": true,
      "optional": true,
      "os": [
        "win32"
      ],
      "engines": {
        "node": ">= 10"
      }
    },
    "node_modules/detect-libc": {
      "version": "2.0.3",
      "resolved": "https://registry.npmjs.org/detect-libc/-/detect-libc-2.0.3.tgz",
      "integrity": "sha512-bwy0MGW55bG41VqxxypOsdSdGqLwXPI/focwgTYCFMbdUiBAxLg9CFzG08sz2aqzknwiX7Hkl0bQENjg8iLByw==",
      "dev": true,
      "engines": {
        "node": ">=8"
      }
    }
  }
}
