{
  "name": "ast-grep-essentials",
  "version": "1.0.0",
  "lockfileVersion": 3,
  "requires": true,
  "packages": {
    "": {
      "name": "ast-grep-essentials",
      "version": "1.0.0",
      "license": "ISC",
      "devDependencies": {
        "@ast-grep/cli": "^0.26.0"
      }
    },
    "node_modules/@ast-grep/cli": {
      "version": "0.26.3",
      "resolved": "https://registry.npmjs.org/@ast-grep/cli/-/cli-0.26.3.tgz",
      "integrity": "sha512-5HiNeR4uuwVd01VqGW8J6v76PpmcEHG+1YzObXBGfr8XTV7zyYtx4KEVv7hi/PhTpeYylqsir0aRoPk1jlTjsA==",
      "dev": true,
      "hasInstallScript": true,
      "dependencies": {
        "detect-libc": "2.0.3"
      },
      "bin": {
        "ast-grep": "ast-grep",
        "sg": "sg"
      },
      "engines": {
        "node": ">= 12.0.0"
      },
      "optionalDependencies": {
        "@ast-grep/cli-darwin-arm64": "0.26.3",
        "@ast-grep/cli-darwin-x64": "0.26.3",
        "@ast-grep/cli-linux-arm64-gnu": "0.26.3",
        "@ast-grep/cli-linux-x64-gnu": "0.26.3",
        "@ast-grep/cli-win32-arm64-msvc": "0.26.3",
        "@ast-grep/cli-win32-ia32-msvc": "0.26.3",
        "@ast-grep/cli-win32-x64-msvc": "0.26.3"
      }
    },
    "node_modules/@ast-grep/cli-darwin-arm64": {
      "version": "0.26.3",
      "resolved": "https://registry.npmjs.org/@ast-grep/cli-darwin-arm64/-/cli-darwin-arm64-0.26.3.tgz",
      "integrity": "sha512-RM9g0sbcMfiNrxmHfMkfzkSNQFQrHQjcHYtHFnHFVj5uTJP6gXjQnUVLEJiB/glPDVRHCiMkSt/CY7WNaPcyew==",
      "cpu": [
        "arm64"
      ],
      "dev": true,
      "optional": true,
      "os": [
        "darwin"
      ],
      "engines": {
        "node": ">= 10"
      }
    },
    "node_modules/@ast-grep/cli-darwin-x64": {
      "version": "0.26.3",
      "resolved": "https://registry.npmjs.org/@ast-grep/cli-darwin-x64/-/cli-darwin-x64-0.26.3.tgz",
      "integrity": "sha512-6ayT5opqNr57vJYyAUYgrF5oRLlCzZ/c8t+bcIdkxGcugnqbOcKmleoaC4v3R/wWTAjil6DR12NCOnoouR99lw==",
      "cpu": [
        "x64"
      ],
      "dev": true,
      "optional": true,
      "os": [
        "darwin"
      ],
      "engines": {
        "node": ">= 10"
      }
    },
    "node_modules/@ast-grep/cli-linux-arm64-gnu": {
      "version": "0.26.3",
      "resolved": "https://registry.npmjs.org/@ast-grep/cli-linux-arm64-gnu/-/cli-linux-arm64-gnu-0.26.3.tgz",
      "integrity": "sha512-dTDbJqUgzkWxXjTJjeUJSAVgB7uL3M/34a8OoTB+VEZxGg2N/RSBSRinrTG4lIjeFk4OMJuM+2AppAjhaMTD+g==",
      "cpu": [
        "arm64"
      ],
      "dev": true,
      "optional": true,
      "os": [
        "linux"
      ],
      "engines": {
        "node": ">= 10"
      }
    },
    "node_modules/@ast-grep/cli-linux-x64-gnu": {
      "version": "0.26.3",
      "resolved": "https://registry.npmjs.org/@ast-grep/cli-linux-x64-gnu/-/cli-linux-x64-gnu-0.26.3.tgz",
      "integrity": "sha512-V2s+xFXmLKRidoVY6GLZCbofSgPGNXJgJehzhV8JdCVJw7yasl+03x6YSusan8vDon+LWtxjrKe6KDgWOMPEkw==",
      "cpu": [
        "x64"
      ],
      "dev": true,
      "optional": true,
      "os": [
        "linux"
      ],
      "engines": {
        "node": ">= 10"
      }
    },
    "node_modules/@ast-grep/cli-win32-arm64-msvc": {
      "version": "0.26.3",
      "resolved": "https://registry.npmjs.org/@ast-grep/cli-win32-arm64-msvc/-/cli-win32-arm64-msvc-0.26.3.tgz",
      "integrity": "sha512-7FUCYHf6NonovqPSJ5dCEcI1cW8ipeX+jz+MTSLaI4lak2/FBkkYIjtRuRvpviUnjKHx0Ah7AmO6G1OGiKhzzg==",
      "cpu": [
        "arm64"
      ],
      "dev": true,
      "optional": true,
      "os": [
        "win32"
      ],
      "engines": {
        "node": ">= 10"
      }
    },
    "node_modules/@ast-grep/cli-win32-ia32-msvc": {
      "version": "0.26.3",
      "resolved": "https://registry.npmjs.org/@ast-grep/cli-win32-ia32-msvc/-/cli-win32-ia32-msvc-0.26.3.tgz",
      "integrity": "sha512-phMsiig9GzQBJQJ75wOh98ug8uptbonBkLAAlkpJ2RF0QVrCWG+MqgYBHpSpJiaM/uRJ7IlFclLFc8kpON5cVQ==",
      "cpu": [
        "ia32"
      ],
      "dev": true,
      "optional": true,
      "os": [
        "win32"
      ],
      "engines": {
        "node": ">= 10"
      }
    },
    "node_modules/@ast-grep/cli-win32-x64-msvc": {
      "version": "0.26.3",
      "resolved": "https://registry.npmjs.org/@ast-grep/cli-win32-x64-msvc/-/cli-win32-x64-msvc-0.26.3.tgz",
      "integrity": "sha512-gGX0AR4bpge4ITSD2I/6FaLtzeovujSVvkSSKTjI6PCZx6MMvJ3+8zcXEgwJSib7SliVquhabePjBpF4DLBC6g==",
      "cpu": [
        "x64"
      ],
      "dev": true,
      "optional": true,
      "os": [
        "win32"
      ],
      "engines": {
        "node": ">= 10"
      }
    },
    "node_modules/detect-libc": {
      "version": "2.0.3",
      "resolved": "https://registry.npmjs.org/detect-libc/-/detect-libc-2.0.3.tgz",
      "integrity": "sha512-bwy0MGW55bG41VqxxypOsdSdGqLwXPI/focwgTYCFMbdUiBAxLg9CFzG08sz2aqzknwiX7Hkl0bQENjg8iLByw==",
      "dev": true,
      "engines": {
        "node": ">=8"
      }
    }
  }
}
