{
  "name": "ast-grep-essentials",
  "version": "1.0.0",
  "lockfileVersion": 3,
  "requires": true,
  "packages": {
    "": {
      "name": "ast-grep-essentials",
      "version": "1.0.0",
      "license": "ISC",
      "devDependencies": {
        "@ast-grep/cli": "^0.30.1"
      }
    },
    "node_modules/@ast-grep/cli": {
      "version": "0.30.1",
      "resolved": "https://registry.npmjs.org/@ast-grep/cli/-/cli-0.30.1.tgz",
      "integrity": "sha512-or1izzRdiqMCwM7/XbJhu2GSIwlf5iwjS8lXnCdEEPTPMVbmbsg0u872C2tU1oEsC8gluF6gI4xWUCGt4H1N5w==",
      "dev": true,
      "hasInstallScript": true,
      "dependencies": {
        "detect-libc": "2.0.3"
      },
      "bin": {
        "ast-grep": "ast-grep",
        "sg": "sg"
      },
      "engines": {
        "node": ">= 12.0.0"
      },
      "optionalDependencies": {
        "@ast-grep/cli-darwin-arm64": "0.30.1",
        "@ast-grep/cli-darwin-x64": "0.30.1",
        "@ast-grep/cli-linux-arm64-gnu": "0.30.1",
        "@ast-grep/cli-linux-x64-gnu": "0.30.1",
        "@ast-grep/cli-win32-arm64-msvc": "0.30.1",
        "@ast-grep/cli-win32-ia32-msvc": "0.30.1",
        "@ast-grep/cli-win32-x64-msvc": "0.30.1"
      }
    },
    "node_modules/@ast-grep/cli-darwin-arm64": {
      "version": "0.30.1",
      "resolved": "https://registry.npmjs.org/@ast-grep/cli-darwin-arm64/-/cli-darwin-arm64-0.30.1.tgz",
      "integrity": "sha512-/ORnqrAnIieWVNmH1SxTLuitGbsImbtFB77feK9oYqCTOFrcCP5W1ldzXBtspm96nynA+X6e1TxGwDwG7Gr1og==",
      "cpu": [
        "arm64"
      ],
      "dev": true,
      "license": "MIT",
      "optional": true,
      "os": [
        "darwin"
      ],
      "engines": {
        "node": ">= 10"
      }
    },
    "node_modules/@ast-grep/cli-darwin-x64": {
      "version": "0.30.1",
      "resolved": "https://registry.npmjs.org/@ast-grep/cli-darwin-x64/-/cli-darwin-x64-0.30.1.tgz",
      "integrity": "sha512-oTe0nvGqwlI40qC1cGOSEU+tPLWi7KHolwEXWoWOqYwy9JKh9KTNvz7wuA9uKAxe/JEBNEbTPpgLlwN8wHyONg==",
      "cpu": [
        "x64"
      ],
      "dev": true,
      "license": "MIT",
      "optional": true,
      "os": [
        "darwin"
      ],
      "engines": {
        "node": ">= 10"
      }
    },
    "node_modules/@ast-grep/cli-linux-arm64-gnu": {
      "version": "0.30.1",
      "resolved": "https://registry.npmjs.org/@ast-grep/cli-linux-arm64-gnu/-/cli-linux-arm64-gnu-0.30.1.tgz",
      "integrity": "sha512-v+YhYb7wAs7j8X6m1WemNajy/Uo6+ng8tPBSgWsPzYS4+BHbHaD3+MLMyw5uRY5N0sRDpDLQcMemLEUFyVSDpg==",
      "cpu": [
        "arm64"
      ],
      "dev": true,
      "license": "MIT",
      "optional": true,
      "os": [
        "linux"
      ],
      "engines": {
        "node": ">= 10"
      }
    },
    "node_modules/@ast-grep/cli-linux-x64-gnu": {
      "version": "0.30.1",
      "resolved": "https://registry.npmjs.org/@ast-grep/cli-linux-x64-gnu/-/cli-linux-x64-gnu-0.30.1.tgz",
      "integrity": "sha512-201roQu7EEi9h3wLFXHhr1j3VHPAnaqYPwJgR8OhKd82IWYSy2Cm245Xdesgav0BDk/3gZ2u/9drBdPaFd27mA==",
      "cpu": [
        "x64"
      ],
      "dev": true,
      "license": "MIT",
      "optional": true,
      "os": [
        "linux"
      ],
      "engines": {
        "node": ">= 10"
      }
    },
    "node_modules/@ast-grep/cli-win32-arm64-msvc": {
      "version": "0.30.1",
      "resolved": "https://registry.npmjs.org/@ast-grep/cli-win32-arm64-msvc/-/cli-win32-arm64-msvc-0.30.1.tgz",
      "integrity": "sha512-7NEdAQKH+k/yT6tcjrPJi6YdOed8On+qNeXXTWQXdqDKHlG+PWpmKDrD56ud1Q+fRicZ3VC3w5AqtCoXS3g4AQ==",
      "cpu": [
        "arm64"
      ],
      "dev": true,
      "license": "MIT",
      "optional": true,
      "os": [
        "win32"
      ],
      "engines": {
        "node": ">= 10"
      }
    },
    "node_modules/@ast-grep/cli-win32-ia32-msvc": {
      "version": "0.30.1",
      "resolved": "https://registry.npmjs.org/@ast-grep/cli-win32-ia32-msvc/-/cli-win32-ia32-msvc-0.30.1.tgz",
      "integrity": "sha512-TP4goLFd2Da9MvPGcWv5kUkFByPiq2MctduP36w8jwIYx03QjXQU8AqDjA7Ym03420Q1ReFnOOLUcedOsgNN0g==",
      "cpu": [
        "ia32"
      ],
      "dev": true,
      "license": "MIT",
      "optional": true,
      "os": [
        "win32"
      ],
      "engines": {
        "node": ">= 10"
      }
    },
    "node_modules/@ast-grep/cli-win32-x64-msvc": {
      "version": "0.30.1",
      "resolved": "https://registry.npmjs.org/@ast-grep/cli-win32-x64-msvc/-/cli-win32-x64-msvc-0.30.1.tgz",
      "integrity": "sha512-EXXiCAbAXqcFTMj8RGU3ut4oThpgHmdPZ7bJOLtB0or5otkyGrcVYPYElN/GTZjDY+hpxS1gkAtrvRVciOa/WQ==",
      "cpu": [
        "x64"
      ],
      "dev": true,
      "license": "MIT",
      "optional": true,
      "os": [
        "win32"
      ],
      "engines": {
        "node": ">= 10"
      }
    },
    "node_modules/detect-libc": {
      "version": "2.0.3",
      "resolved": "https://registry.npmjs.org/detect-libc/-/detect-libc-2.0.3.tgz",
      "integrity": "sha512-bwy0MGW55bG41VqxxypOsdSdGqLwXPI/focwgTYCFMbdUiBAxLg9CFzG08sz2aqzknwiX7Hkl0bQENjg8iLByw==",
      "dev": true,
      "license": "Apache-2.0",
      "engines": {
        "node": ">=8"
      }
    }
  }
}
